
Microsoft Visual Studio Solution File, Format Version 11.00
# Visual Studio 2010
Project("{FAE04EC0-301F-11D3-BF4B-00C04F79EFBC}") = "PathCreator", "PathCreator.csproj", "{0f736fa6-f2aa-4c08-52ce-6735b5968547}"
EndProject
Project("{FAE04EC0-301F-11D3-BF4B-00C04F79EFBC}") = "Assembly-CSharp", "Assembly-CSharp.csproj", "{a6109e38-df9f-373e-13b3-1e410fbdd6c4}"
EndProject
Global
	GlobalSection(SolutionConfigurationPlatforms) = preSolution
		Debug|Any CPU = Debug|Any CPU
	EndGlobalSection
	GlobalSection(ProjectConfigurationPlatforms) = postSolution
		{0f736fa6-f2aa-4c08-52ce-6735b5968547}.Debug|Any CPU.ActiveCfg = Debug|Any CPU
		{0f736fa6-f2aa-4c08-52ce-6735b5968547}.Debug|Any CPU.Build.0 = Debug|Any CPU
		{a6109e38-df9f-373e-13b3-1e410fbdd6c4}.Debug|Any CPU.ActiveCfg = Debug|Any CPU
		{a6109e38-df9f-373e-13b3-1e410fbdd6c4}.Debug|Any CPU.Build.0 = Debug|Any CPU
	EndGlobalSection
	GlobalSection(SolutionProperties) = preSolution
		HideSolutionNode = FALSE
	EndGlobalSection
EndGlobal
